
Microsoft Visual Studio Solution File, Format Version 12.00
# Visual Studio Version 17
VisualStudioVersion = 17.0.31903.59
MinimumVisualStudioVersion = 10.0.40219.1
Project("{FAE04EC0-301F-11D3-BF4B-00C04F79EFBC}") = "testingcicd", "testingcicd\testingcicd.csproj", "{393EC922-5EB6-4F19-923C-5CEC88222470}"
EndProject
Project("{FAE04EC0-301F-11D3-BF4B-00C04F79EFBC}") = "testingcicd.Tests", "testingcicd.Tests\testingcicd.Tests.csproj", "{ECE3F2B9-0C11-4B2D-9D87-B61906ECA647}"
EndProject
Global
	GlobalSection(SolutionConfigurationPlatforms) = preSolution
		Debug|Any CPU = Debug|Any CPU
		Debug|x64 = Debug|x64
		Debug|x86 = Debug|x86
		Release|Any CPU = Release|Any CPU
		Release|x64 = Release|x64
		Release|x86 = Release|x86
	EndGlobalSection
	GlobalSection(ProjectConfigurationPlatforms) = postSolution
		{393EC922-5EB6-4F19-923C-5CEC88222470}.Debug|Any CPU.ActiveCfg = Debug|Any CPU
		{393EC922-5EB6-4F19-923C-5CEC88222470}.Debug|Any CPU.Build.0 = Debug|Any CPU
		{393EC922-5EB6-4F19-923C-5CEC88222470}.Debug|x64.ActiveCfg = Debug|Any CPU
		{393EC922-5EB6-4F19-923C-5CEC88222470}.Debug|x64.Build.0 = Debug|Any CPU
		{393EC922-5EB6-4F19-923C-5CEC88222470}.Debug|x86.ActiveCfg = Debug|Any CPU
		{393EC922-5EB6-4F19-923C-5CEC88222470}.Debug|x86.Build.0 = Debug|Any CPU
		{393EC922-5EB6-4F19-923C-5CEC88222470}.Release|Any CPU.ActiveCfg = Release|Any CPU
		{393EC922-5EB6-4F19-923C-5CEC88222470}.Release|Any CPU.Build.0 = Release|Any CPU
		{393EC922-5EB6-4F19-923C-5CEC88222470}.Release|x64.ActiveCfg = Release|Any CPU
		{393EC922-5EB6-4F19-923C-5CEC88222470}.Release|x64.Build.0 = Release|Any CPU
		{393EC922-5EB6-4F19-923C-5CEC88222470}.Release|x86.ActiveCfg = Release|Any CPU
		{393EC922-5EB6-4F19-923C-5CEC88222470}.Release|x86.Build.0 = Release|Any CPU
		{ECE3F2B9-0C11-4B2D-9D87-B61906ECA647}.Debug|Any CPU.ActiveCfg = Debug|Any CPU
		{ECE3F2B9-0C11-4B2D-9D87-B61906ECA647}.Debug|Any CPU.Build.0 = Debug|Any CPU
		{ECE3F2B9-0C11-4B2D-9D87-B61906ECA647}.Debug|x64.ActiveCfg = Debug|Any CPU
		{ECE3F2B9-0C11-4B2D-9D87-B61906ECA647}.Debug|x64.Build.0 = Debug|Any CPU
		{ECE3F2B9-0C11-4B2D-9D87-B61906ECA647}.Debug|x86.ActiveCfg = Debug|Any CPU
		{ECE3F2B9-0C11-4B2D-9D87-B61906ECA647}.Debug|x86.Build.0 = Debug|Any CPU
		{ECE3F2B9-0C11-4B2D-9D87-B61906ECA647}.Release|Any CPU.ActiveCfg = Release|Any CPU
		{ECE3F2B9-0C11-4B2D-9D87-B61906ECA647}.Release|Any CPU.Build.0 = Release|Any CPU
		{ECE3F2B9-0C11-4B2D-9D87-B61906ECA647}.Release|x64.ActiveCfg = Release|Any CPU
		{ECE3F2B9-0C11-4B2D-9D87-B61906ECA647}.Release|x64.Build.0 = Release|Any CPU
		{ECE3F2B9-0C11-4B2D-9D87-B61906ECA647}.Release|x86.ActiveCfg = Release|Any CPU
		{ECE3F2B9-0C11-4B2D-9D87-B61906ECA647}.Release|x86.Build.0 = Release|Any CPU
	EndGlobalSection
	GlobalSection(SolutionProperties) = preSolution
		HideSolutionNode = FALSE
	EndGlobalSection
EndGlobal
